{
  "name": "test2",
  "version": "1.0.0",
  "lockfileVersion": 2,
  "requires": true,
  "packages": {
    "": {
      "name": "test2",
      "version": "1.0.0",
      "license": "ISC",
      "dependencies": {
        "express-jwt": "0.1.3",
        "jquery": "^3.5.1",
        "jsonwebtoken": "0.4.0"
      }
    },
    "node_modules/base64url": {
      "version": "0.0.6",
      "resolved": "http://localhost:8081/repository/npm-group/base64url/-/base64url-0.0.6.tgz",
      "integrity": "sha512-Nm33N5/uniFmlIxqu7wyfwUkAVhKdlY4wFHAnT6P+TJxPoaIASuAN7uyS1wUPsRTiv8yCT93p5P54txD7PRkVg==",
      "license": "MIT"
    },
    "node_modules/express-jwt": {
      "version": "0.1.3",
      "resolved": "http://localhost:8081/repository/npm-group/express-jwt/-/express-jwt-0.1.3.tgz",
      "integrity": "sha1-UmqMnTJBCN7bVFMyhlfbK1CWcrA=",
      "license": "ISC",
      "dependencies": {
        "jsonwebtoken": "~0.1.0"
      },
      "engines": {
        "node": ">= 0.4.0"
      }
    },
    "node_modules/express-jwt/node_modules/jsonwebtoken": {
      "version": "0.1.0",
      "resolved": "http://localhost:8081/repository/npm-group/jsonwebtoken/-/jsonwebtoken-0.1.0.tgz",
      "integrity": "sha512-F+cS4nX8se0apNdOo4zOjrwPj/nQy2EgG/CPVJB/z0juS+apEuHoow1ZuG0gZN4zFjkUcYuOAcU5FbY5KyjgmA==",
      "deprecated": "Critical vulnerability fix in v5.0.0. See https://auth0.com/blog/2015/03/31/critical-vulnerabilities-in-json-web-token-libraries/",
      "license": "MIT",
      "dependencies": {
        "jws": "~0.2.2",
        "moment": "~2.0.0"
      }
    },
    "node_modules/jquery": {
      "version": "3.6.1",
      "resolved": "http://localhost:8081/repository/npm-group/jquery/-/jquery-3.6.1.tgz",
      "integrity": "sha512-opJeO4nCucVnsjiXOE+/PcCgYw9Gwpvs/a6B1LL/lQhwWwpbVEVYDZ1FokFr8PRc7ghYlrFPuyHuiiDNTQxmcw==",
      "license": "MIT"
    },
    "node_modules/jsonwebtoken": {
      "version": "0.4.0",
      "resolved": "http://localhost:8081/repository/npm-group/jsonwebtoken/-/jsonwebtoken-0.4.0.tgz",
      "integrity": "sha512-VQlZ5j/m478UhkmopShghzepWmar8tKEXYWuDX0V64rd8a45ANQop6RqHWAkHypQ7DYh4nuqgS1tD+9uSnvqvw==",
      "deprecated": "Critical vulnerability fix in v5.0.0. See https://auth0.com/blog/2015/03/31/critical-vulnerabilities-in-json-web-token-libraries/",
      "license": "MIT",
      "dependencies": {
        "jws": "~0.2.2"
      }
    },
    "node_modules/jwa": {
      "version": "0.0.1",
      "resolved": "http://localhost:8081/repository/npm-group/jwa/-/jwa-0.0.1.tgz",
      "integrity": "sha512-V7zCfMU2IUZNABSan5M+1NlO3rVn/2ukPLHP1d6zN/1Yyajhe8mGC1dr6Zj1rCVme5sULI40BwcxhFueV39iIw==",
      "license": "MIT",
      "dependencies": {
        "base64url": "~0.0.3"
      }
    },
    "node_modules/jws": {
      "version": "0.2.6",
      "resolved": "http://localhost:8081/repository/npm-group/jws/-/jws-0.2.6.tgz",
      "integrity": "sha512-ZjMgMG4UIf1KKjjYY4fKdB6X9W5fyrkFCTC35XgsrIvQGk088xiwGSsGI88e9oadSp+yZ/aRVQ7Cy1CS4SC/hA==",
      "deprecated": "Security update: Versions below 3.0.0 are deprecated.",
      "license": "MIT",
      "dependencies": {
        "base64url": "0.0.6",
        "jwa": "0.0.1"
      }
    },
    "node_modules/moment": {
      "version": "2.0.0",
      "resolved": "http://localhost:8081/repository/npm-group/moment/-/moment-2.0.0.tgz",
      "integrity": "sha512-l3jCjCJfC6pIuca13GMpCU4liEYvYk17XpFgpJSyLp8RX+dwdgrZBvtkaofmIigplezbG1VZFUgQbDFRSd37YA==",
      "engines": {
        "node": "*"
      }
    }
  },
  "dependencies": {
    "base64url": {
      "version": "0.0.6",
      "resolved": "http://localhost:8081/repository/npm-group/base64url/-/base64url-0.0.6.tgz",
      "integrity": "sha512-Nm33N5/uniFmlIxqu7wyfwUkAVhKdlY4wFHAnT6P+TJxPoaIASuAN7uyS1wUPsRTiv8yCT93p5P54txD7PRkVg=="
    },
    "express-jwt": {
      "version": "0.1.3",
      "resolved": "http://localhost:8081/repository/npm-group/express-jwt/-/express-jwt-0.1.3.tgz",
      "integrity": "sha1-UmqMnTJBCN7bVFMyhlfbK1CWcrA=",
      "requires": {
        "jsonwebtoken": "~0.1.0"
      },
      "dependencies": {
        "jsonwebtoken": {
          "version": "0.1.0",
          "resolved": "http://localhost:8081/repository/npm-group/jsonwebtoken/-/jsonwebtoken-0.1.0.tgz",
          "integrity": "sha512-F+cS4nX8se0apNdOo4zOjrwPj/nQy2EgG/CPVJB/z0juS+apEuHoow1ZuG0gZN4zFjkUcYuOAcU5FbY5KyjgmA==",
          "requires": {
            "jws": "~0.2.2",
            "moment": "~2.0.0"
          }
        }
      }
    },
    "jquery": {
      "version": "3.6.1",
      "resolved": "http://localhost:8081/repository/npm-group/jquery/-/jquery-3.6.1.tgz",
      "integrity": "sha512-opJeO4nCucVnsjiXOE+/PcCgYw9Gwpvs/a6B1LL/lQhwWwpbVEVYDZ1FokFr8PRc7ghYlrFPuyHuiiDNTQxmcw=="
    },
    "jsonwebtoken": {
      "version": "0.4.0",
      "resolved": "http://localhost:8081/repository/npm-group/jsonwebtoken/-/jsonwebtoken-0.4.0.tgz",
      "integrity": "sha512-VQlZ5j/m478UhkmopShghzepWmar8tKEXYWuDX0V64rd8a45ANQop6RqHWAkHypQ7DYh4nuqgS1tD+9uSnvqvw==",
      "requires": {
        "jws": "~0.2.2"
      }
    },
    "jwa": {
      "version": "0.0.1",
      "resolved": "http://localhost:8081/repository/npm-group/jwa/-/jwa-0.0.1.tgz",
      "integrity": "sha512-V7zCfMU2IUZNABSan5M+1NlO3rVn/2ukPLHP1d6zN/1Yyajhe8mGC1dr6Zj1rCVme5sULI40BwcxhFueV39iIw==",
      "requires": {
        "base64url": "~0.0.3"
      }
    },
    "jws": {
      "version": "0.2.6",
      "resolved": "http://localhost:8081/repository/npm-group/jws/-/jws-0.2.6.tgz",
      "integrity": "sha512-ZjMgMG4UIf1KKjjYY4fKdB6X9W5fyrkFCTC35XgsrIvQGk088xiwGSsGI88e9oadSp+yZ/aRVQ7Cy1CS4SC/hA==",
      "requires": {
        "base64url": "0.0.6",
        "jwa": "0.0.1"
      }
    },
    "moment": {
      "version": "2.0.0",
      "resolved": "http://localhost:8081/repository/npm-group/moment/-/moment-2.0.0.tgz",
      "integrity": "sha512-l3jCjCJfC6pIuca13GMpCU4liEYvYk17XpFgpJSyLp8RX+dwdgrZBvtkaofmIigplezbG1VZFUgQbDFRSd37YA=="
    }
  }
}
